Microsoft Visual Studio Solution File, Format Version 12.00
# Visual Studio Version 17
VisualStudioVersion = 17.5.2.0
MinimumVisualStudioVersion = 10.0.40219.1
Project("{FAE04EC0-301F-11D3-BF4B-00C04F79EFBC}") = "Lab1_Project", "Lab1_Project.csproj", "{15B12F0F-E656-4A4E-67BF-57161F261470}"
EndProject
Global
	GlobalSection(SolutionConfigurationPlatforms) = preSolution
		Debug|Any CPU = Debug|Any CPU
		Release|Any CPU = Release|Any CPU
	EndGlobalSection
	GlobalSection(ProjectConfigurationPlatforms) = postSolution
		{15B12F0F-E656-4A4E-67BF-57161F261470}.Debug|Any CPU.ActiveCfg = Debug|Any CPU
		{15B12F0F-E656-4A4E-67BF-57161F261470}.Debug|Any CPU.Build.0 = Debug|Any CPU
		{15B12F0F-E656-4A4E-67BF-57161F261470}.Release|Any CPU.ActiveCfg = Release|Any CPU
		{15B12F0F-E656-4A4E-67BF-57161F261470}.Release|Any CPU.Build.0 = Release|Any CPU
	EndGlobalSection
	GlobalSection(SolutionProperties) = preSolution
		HideSolutionNode = FALSE
	EndGlobalSection
	GlobalSection(ExtensibilityGlobals) = postSolution
		SolutionGuid = {96E7D245-C239-4F4C-B345-14B2B8CB945F}
	EndGlobalSection
EndGlobal
